// !$*UTF8*$!
{
	archiveVersion = 1;
	classes = {
	};
	objectVersion = 50;
	objects = {

/* Begin PBXBuildFile section */
		6052A92025C2E94100ED9A0A /* HexagonParameters.swift in Sources */ = {isa = PBXBuildFile; fileRef = 6052A91F25C2E94100ED9A0A /* HexagonParameters.swift */; };
		6052A92325C2EB1900ED9A0A /* BadgeBackground.swift in Sources */ = {isa = PBXBuildFile; fileRef = 6052A92225C2EB1900ED9A0A /* BadgeBackground.swift */; };
		6052A92625C2F1F900ED9A0A /* BadgeSymbol.swift in Sources */ = {isa = PBXBuildFile; fileRef = 6052A92525C2F1F900ED9A0A /* BadgeSymbol.swift */; };
		6052A92925C2F82800ED9A0A /* RotatedBadgeSymbol.swift in Sources */ = {isa = PBXBuildFile; fileRef = 6052A92825C2F82800ED9A0A /* RotatedBadgeSymbol.swift */; };
		6052A92C25C2F88300ED9A0A /* Badge.swift in Sources */ = {isa = PBXBuildFile; fileRef = 6052A92B25C2F88300ED9A0A /* Badge.swift */; };
		6052A93125C2FBEF00ED9A0A /* hikeData.json in Resources */ = {isa = PBXBuildFile; fileRef = 6052A93025C2FBEF00ED9A0A /* hikeData.json */; };
		6052A93425C2FC2700ED9A0A /* Hike.swift in Sources */ = {isa = PBXBuildFile; fileRef = 6052A93325C2FC2700ED9A0A /* Hike.swift */; };
		6052A93F25C2FDC800ED9A0A /* GraphCapsule.swift in Sources */ = {isa = PBXBuildFile; fileRef = 6052A93B25C2FDC800ED9A0A /* GraphCapsule.swift */; };
		6052A94025C2FDC800ED9A0A /* HikeGraph.swift in Sources */ = {isa = PBXBuildFile; fileRef = 6052A93C25C2FDC800ED9A0A /* HikeGraph.swift */; };
		6052A94125C2FDC800ED9A0A /* HikeDetail.swift in Sources */ = {isa = PBXBuildFile; fileRef = 6052A93D25C2FDC800ED9A0A /* HikeDetail.swift */; };
		6052A94225C2FDC800ED9A0A /* HikeView.swift in Sources */ = {isa = PBXBuildFile; fileRef = 6052A93E25C2FDC800ED9A0A /* HikeView.swift */; };
		6052A94525C30B3700ED9A0A /* CategoryHome.swift in Sources */ = {isa = PBXBuildFile; fileRef = 6052A94425C30B3700ED9A0A /* CategoryHome.swift */; };
		6052A94A25C3122800ED9A0A /* CategoryRow.swift in Sources */ = {isa = PBXBuildFile; fileRef = 6052A94925C3122800ED9A0A /* CategoryRow.swift */; };
		6052A94D25C3129B00ED9A0A /* CategoryItem.swift in Sources */ = {isa = PBXBuildFile; fileRef = 6052A94C25C3129B00ED9A0A /* CategoryItem.swift */; };
		60B254F625C186E7008433CD /* LandmarksApp.swift in Sources */ = {isa = PBXBuildFile; fileRef = 60B254F525C186E7008433CD /* LandmarksApp.swift */; };
		60B254F825C186E7008433CD /* ContentView.swift in Sources */ = {isa = PBXBuildFile; fileRef = 60B254F725C186E7008433CD /* ContentView.swift */; };
		60B254FA25C186E8008433CD /* Assets.xcassets in Resources */ = {isa = PBXBuildFile; fileRef = 60B254F925C186E8008433CD /* Assets.xcassets */; };
		60B254FD25C186E8008433CD /* Preview Assets.xcassets in Resources */ = {isa = PBXBuildFile; fileRef = 60B254FC25C186E8008433CD /* Preview Assets.xcassets */; };
		60B2550625C18B4E008433CD /* CircleImage.swift in Sources */ = {isa = PBXBuildFile; fileRef = 60B2550525C18B4E008433CD /* CircleImage.swift */; };
		60B2550925C18CFE008433CD /* MapView.swift in Sources */ = {isa = PBXBuildFile; fileRef = 60B2550825C18CFE008433CD /* MapView.swift */; };
		60B2550C25C193AC008433CD /* landmarkData.json in Resources */ = {isa = PBXBuildFile; fileRef = 60B2550B25C193AC008433CD /* landmarkData.json */; };
		60B2550F25C193FD008433CD /* Landmark.swift in Sources */ = {isa = PBXBuildFile; fileRef = 60B2550E25C193FD008433CD /* Landmark.swift */; };
		60B2551225C194BF008433CD /* ModelData.swift in Sources */ = {isa = PBXBuildFile; fileRef = 60B2551125C194BF008433CD /* ModelData.swift */; };
		60B2551E25C19645008433CD /* LandmarkRow.swift in Sources */ = {isa = PBXBuildFile; fileRef = 60B2551D25C19645008433CD /* LandmarkRow.swift */; };
		60B2552125C19BD8008433CD /* LandmarkList.swift in Sources */ = {isa = PBXBuildFile; fileRef = 60B2552025C19BD8008433CD /* LandmarkList.swift */; };
		60B2552425C19DB7008433CD /* LandmarkDetail.swift in Sources */ = {isa = PBXBuildFile; fileRef = 60B2552325C19DB7008433CD /* LandmarkDetail.swift */; };
		60B2552725C1AB42008433CD /* FavoriteButton.swift in Sources */ = {isa = PBXBuildFile; fileRef = 60B2552625C1AB42008433CD /* FavoriteButton.swift */; };
/* End PBXBuildFile section */

/* Begin PBXFileReference section */
		6052A91F25C2E94100ED9A0A /* HexagonParameters.swift */ = {isa = PBXFileReference; lastKnownFileType = sourcecode.swift; path = HexagonParameters.swift; sourceTree = "<group>"; };
		6052A92225C2EB1900ED9A0A /* BadgeBackground.swift */ = {isa = PBXFileReference; lastKnownFileType = sourcecode.swift; path = BadgeBackground.swift; sourceTree = "<group>"; };
		6052A92525C2F1F900ED9A0A /* BadgeSymbol.swift */ = {isa = PBXFileReference; lastKnownFileType = sourcecode.swift; path = BadgeSymbol.swift; sourceTree = "<group>"; };
		6052A92825C2F82800ED9A0A /* RotatedBadgeSymbol.swift */ = {isa = PBXFileReference; lastKnownFileType = sourcecode.swift; path = RotatedBadgeSymbol.swift; sourceTree = "<group>"; };
		6052A92B25C2F88300ED9A0A /* Badge.swift */ = {isa = PBXFileReference; lastKnownFileType = sourcecode.swift; path = Badge.swift; sourceTree = "<group>"; };
		6052A93025C2FBEF00ED9A0A /* hikeData.json */ = {isa = PBXFileReference; fileEncoding = 4; lastKnownFileType = text.json; path = hikeData.json; sourceTree = "<group>"; };
		6052A93325C2FC2700ED9A0A /* Hike.swift */ = {isa = PBXFileReference; lastKnownFileType = sourcecode.swift; name = Hike.swift; path = Landmarks/Views/Badge/Hike.swift; sourceTree = SOURCE_ROOT; };
		6052A93B25C2FDC800ED9A0A /* GraphCapsule.swift */ = {isa = PBXFileReference; fileEncoding = 4; lastKnownFileType = sourcecode.swift; path = GraphCapsule.swift; sourceTree = "<group>"; };
		6052A93C25C2FDC800ED9A0A /* HikeGraph.swift */ = {isa = PBXFileReference; fileEncoding = 4; lastKnownFileType = sourcecode.swift; path = HikeGraph.swift; sourceTree = "<group>"; };
		6052A93D25C2FDC800ED9A0A /* HikeDetail.swift */ = {isa = PBXFileReference; fileEncoding = 4; lastKnownFileType = sourcecode.swift; path = HikeDetail.swift; sourceTree = "<group>"; };
		6052A93E25C2FDC800ED9A0A /* HikeView.swift */ = {isa = PBXFileReference; fileEncoding = 4; lastKnownFileType = sourcecode.swift; path = HikeView.swift; sourceTree = "<group>"; };
		6052A94425C30B3700ED9A0A /* CategoryHome.swift */ = {isa = PBXFileReference; lastKnownFileType = sourcecode.swift; path = CategoryHome.swift; sourceTree = "<group>"; };
		6052A94925C3122800ED9A0A /* CategoryRow.swift */ = {isa = PBXFileReference; lastKnownFileType = sourcecode.swift; path = CategoryRow.swift; sourceTree = "<group>"; };
		6052A94C25C3129B00ED9A0A /* CategoryItem.swift */ = {isa = PBXFileReference; lastKnownFileType = sourcecode.swift; path = CategoryItem.swift; sourceTree = "<group>"; };
		60B254F225C186E7008433CD /* Landmarks.app */ = {isa = PBXFileReference; explicitFileType = wrapper.application; includeInIndex = 0; path = Landmarks.app; sourceTree = BUILT_PRODUCTS_DIR; };
		60B254F525C186E7008433CD /* LandmarksApp.swift */ = {isa = PBXFileReference; lastKnownFileType = sourcecode.swift; path = LandmarksApp.swift; sourceTree = "<group>"; };
		60B254F725C186E7008433CD /* ContentView.swift */ = {isa = PBXFileReference; lastKnownFileType = sourcecode.swift; path = ContentView.swift; sourceTree = "<group>"; };
		60B254F925C186E8008433CD /* Assets.xcassets */ = {isa = PBXFileReference; lastKnownFileType = folder.assetcatalog; path = Assets.xcassets; sourceTree = "<group>"; };
		60B254FC25C186E8008433CD /* Preview Assets.xcassets */ = {isa = PBXFileReference; lastKnownFileType = folder.assetcatalog; path = "Preview Assets.xcassets"; sourceTree = "<group>"; };
		60B254FE25C186E8008433CD /* Info.plist */ = {isa = PBXFileReference; lastKnownFileType = text.plist.xml; path = Info.plist; sourceTree = "<group>"; };
		60B2550525C18B4E008433CD /* CircleImage.swift */ = {isa = PBXFileReference; lastKnownFileType = sourcecode.swift; path = CircleImage.swift; sourceTree = "<group>"; };
		60B2550825C18CFE008433CD /* MapView.swift */ = {isa = PBXFileReference; lastKnownFileType = sourcecode.swift; path = MapView.swift; sourceTree = "<group>"; };
		60B2550B25C193AC008433CD /* landmarkData.json */ = {isa = PBXFileReference; fileEncoding = 4; lastKnownFileType = text.json; path = landmarkData.json; sourceTree = "<group>"; };
		60B2550E25C193FD008433CD /* Landmark.swift */ = {isa = PBXFileReference; lastKnownFileType = sourcecode.swift; path = Landmark.swift; sourceTree = "<group>"; };
		60B2551125C194BF008433CD /* ModelData.swift */ = {isa = PBXFileReference; lastKnownFileType = sourcecode.swift; path = ModelData.swift; sourceTree = "<group>"; };
		60B2551D25C19645008433CD /* LandmarkRow.swift */ = {isa = PBXFileReference; lastKnownFileType = sourcecode.swift; path = LandmarkRow.swift; sourceTree = "<group>"; };
		60B2552025C19BD8008433CD /* LandmarkList.swift */ = {isa = PBXFileReference; lastKnownFileType = sourcecode.swift; path = LandmarkList.swift; sourceTree = "<group>"; };
		60B2552325C19DB7008433CD /* LandmarkDetail.swift */ = {isa = PBXFileReference; lastKnownFileType = sourcecode.swift; path = LandmarkDetail.swift; sourceTree = "<group>"; };
		60B2552625C1AB42008433CD /* FavoriteButton.swift */ = {isa = PBXFileReference; lastKnownFileType = sourcecode.swift; path = FavoriteButton.swift; sourceTree = "<group>"; };
/* End PBXFileReference section */

/* Begin PBXFrameworksBuildPhase section */
		60B254EF25C186E7008433CD /* Frameworks */ = {
			isa = PBXFrameworksBuildPhase;
			buildActionMask = 2147483647;
			files = (
			);
			runOnlyForDeploymentPostprocessing = 0;
		};
/* End PBXFrameworksBuildPhase section */

/* Begin PBXGroup section */
		6052A92E25C2F90200ED9A0A /* Badge */ = {
			isa = PBXGroup;
			children = (
				6052A91F25C2E94100ED9A0A /* HexagonParameters.swift */,
				6052A92225C2EB1900ED9A0A /* BadgeBackground.swift */,
				6052A92525C2F1F900ED9A0A /* BadgeSymbol.swift */,
				6052A92825C2F82800ED9A0A /* RotatedBadgeSymbol.swift */,
				6052A92B25C2F88300ED9A0A /* Badge.swift */,
			);
			path = Badge;
			sourceTree = "<group>";
		};
		6052A93A25C2FDC800ED9A0A /* Hikes */ = {
			isa = PBXGroup;
			children = (
				6052A93B25C2FDC800ED9A0A /* GraphCapsule.swift */,
				6052A93C25C2FDC800ED9A0A /* HikeGraph.swift */,
				6052A93D25C2FDC800ED9A0A /* HikeDetail.swift */,
				6052A93E25C2FDC800ED9A0A /* HikeView.swift */,
			);
			path = Hikes;
			sourceTree = "<group>";
		};
		6052A94725C30B3C00ED9A0A /* Categories */ = {
			isa = PBXGroup;
			children = (
				6052A94425C30B3700ED9A0A /* CategoryHome.swift */,
				6052A94925C3122800ED9A0A /* CategoryRow.swift */,
				6052A94C25C3129B00ED9A0A /* CategoryItem.swift */,
			);
			path = Categories;
			sourceTree = "<group>";
		};
		60B254E925C186E7008433CD = {
			isa = PBXGroup;
			children = (
				60B254F425C186E7008433CD /* Landmarks */,
				60B254F325C186E7008433CD /* Products */,
			);
			sourceTree = "<group>";
		};
		60B254F325C186E7008433CD /* Products */ = {
			isa = PBXGroup;
			children = (
				60B254F225C186E7008433CD /* Landmarks.app */,
			);
			name = Products;
			sourceTree = "<group>";
		};
		60B254F425C186E7008433CD /* Landmarks */ = {
			isa = PBXGroup;
			children = (
				60B254F525C186E7008433CD /* LandmarksApp.swift */,
				60B2551425C19585008433CD /* Views */,
				60B2552925C1AC1C008433CD /* Helpers */,
				60B2551525C195AB008433CD /* Resource */,
				60B2551825C195C2008433CD /* Model */,
				60B254F925C186E8008433CD /* Assets.xcassets */,
				60B254FE25C186E8008433CD /* Info.plist */,
				60B254FB25C186E8008433CD /* Preview Content */,
			);
			path = Landmarks;
			sourceTree = "<group>";
		};
		60B254FB25C186E8008433CD /* Preview Content */ = {
			isa = PBXGroup;
			children = (
				60B254FC25C186E8008433CD /* Preview Assets.xcassets */,
			);
			path = "Preview Content";
			sourceTree = "<group>";
		};
		60B2551425C19585008433CD /* Views */ = {
			isa = PBXGroup;
			children = (
				6052A94725C30B3C00ED9A0A /* Categories */,
				6052A93A25C2FDC800ED9A0A /* Hikes */,
				60B2551D25C19645008433CD /* LandmarkRow.swift */,
				60B2552025C19BD8008433CD /* LandmarkList.swift */,
				60B2552325C19DB7008433CD /* LandmarkDetail.swift */,
				6052A92E25C2F90200ED9A0A /* Badge */,
				60B254F725C186E7008433CD /* ContentView.swift */,
			);
			path = Views;
			sourceTree = "<group>";
		};
		60B2551525C195AB008433CD /* Resource */ = {
			isa = PBXGroup;
			children = (
				6052A93025C2FBEF00ED9A0A /* hikeData.json */,
				60B2550B25C193AC008433CD /* landmarkData.json */,
			);
			path = Resource;
			sourceTree = "<group>";
		};
		60B2551825C195C2008433CD /* Model */ = {
			isa = PBXGroup;
			children = (
				6052A93325C2FC2700ED9A0A /* Hike.swift */,
				60B2551125C194BF008433CD /* ModelData.swift */,
				60B2550E25C193FD008433CD /* Landmark.swift */,
			);
			path = Model;
			sourceTree = "<group>";
		};
		60B2552925C1AC1C008433CD /* Helpers */ = {
			isa = PBXGroup;
			children = (
				60B2550825C18CFE008433CD /* MapView.swift */,
				60B2550525C18B4E008433CD /* CircleImage.swift */,
				60B2552625C1AB42008433CD /* FavoriteButton.swift */,
			);
			path = Helpers;
			sourceTree = "<group>";
		};
/* End PBXGroup section */

/* Begin PBXNativeTarget section */
		60B254F125C186E7008433CD /* Landmarks */ = {
			isa = PBXNativeTarget;
			buildConfigurationList = 60B2550125C186E8008433CD /* Build configuration list for PBXNativeTarget "Landmarks" */;
			buildPhases = (
				60B254EE25C186E7008433CD /* Sources */,
				60B254EF25C186E7008433CD /* Frameworks */,
				60B254F025C186E7008433CD /* Resources */,
			);
			buildRules = (
			);
			dependencies = (
			);
			name = Landmarks;
			productName = Landmarks;
			productReference = 60B254F225C186E7008433CD /* Landmarks.app */;
			productType = "com.apple.product-type.application";
		};
/* End PBXNativeTarget section */

/* Begin PBXProject section */
		60B254EA25C186E7008433CD /* Project object */ = {
			isa = PBXProject;
			attributes = {
				LastSwiftUpdateCheck = 1230;
				LastUpgradeCheck = 1230;
				TargetAttributes = {
					60B254F125C186E7008433CD = {
						CreatedOnToolsVersion = 12.3;
					};
				};
			};
			buildConfigurationList = 60B254ED25C186E7008433CD /* Build configuration list for PBXProject "Landmarks" */;
			compatibilityVersion = "Xcode 9.3";
			developmentRegion = en;
			hasScannedForEncodings = 0;
			knownRegions = (
				en,
				Base,
			);
			mainGroup = 60B254E925C186E7008433CD;
			productRefGroup = 60B254F325C186E7008433CD /* Products */;
			projectDirPath = "";
			projectRoot = "";
			targets = (
				60B254F125C186E7008433CD /* Landmarks */,
			);
		};
/* End PBXProject section */

/* Begin PBXResourcesBuildPhase section */
		60B254F025C186E7008433CD /* Resources */ = {
			isa = PBXResourcesBuildPhase;
			buildActionMask = 2147483647;
			files = (
				6052A93125C2FBEF00ED9A0A /* hikeData.json in Resources */,
				60B254FD25C186E8008433CD /* Preview Assets.xcassets in Resources */,
				60B254FA25C186E8008433CD /* Assets.xcassets in Resources */,
				60B2550C25C193AC008433CD /* landmarkData.json in Resources */,
			);
			runOnlyForDeploymentPostprocessing = 0;
		};
/* End PBXResourcesBuildPhase section */

/* Begin PBXSourcesBuildPhase section */
		60B254EE25C186E7008433CD /* Sources */ = {
			isa = PBXSourcesBuildPhase;
			buildActionMask = 2147483647;
			files = (
				6052A94A25C3122800ED9A0A /* CategoryRow.swift in Sources */,
				60B254F825C186E7008433CD /* ContentView.swift in Sources */,
				6052A94525C30B3700ED9A0A /* CategoryHome.swift in Sources */,
				6052A94025C2FDC800ED9A0A /* HikeGraph.swift in Sources */,
				6052A92C25C2F88300ED9A0A /* Badge.swift in Sources */,
				60B2550925C18CFE008433CD /* MapView.swift in Sources */,
				6052A93F25C2FDC800ED9A0A /* GraphCapsule.swift in Sources */,
				60B254F625C186E7008433CD /* LandmarksApp.swift in Sources */,
				60B2552725C1AB42008433CD /* FavoriteButton.swift in Sources */,
				6052A94D25C3129B00ED9A0A /* CategoryItem.swift in Sources */,
				6052A94125C2FDC800ED9A0A /* HikeDetail.swift in Sources */,
				6052A92025C2E94100ED9A0A /* HexagonParameters.swift in Sources */,
				6052A93425C2FC2700ED9A0A /* Hike.swift in Sources */,
				6052A92925C2F82800ED9A0A /* RotatedBadgeSymbol.swift in Sources */,
				6052A92625C2F1F900ED9A0A /* BadgeSymbol.swift in Sources */,
				60B2552125C19BD8008433CD /* LandmarkList.swift in Sources */,
				6052A94225C2FDC800ED9A0A /* HikeView.swift in Sources */,
				60B2552425C19DB7008433CD /* LandmarkDetail.swift in Sources */,
				6052A92325C2EB1900ED9A0A /* BadgeBackground.swift in Sources */,
				60B2550625C18B4E008433CD /* CircleImage.swift in Sources */,
				60B2550F25C193FD008433CD /* Landmark.swift in Sources */,
				60B2551E25C19645008433CD /* LandmarkRow.swift in Sources */,
				60B2551225C194BF008433CD /* ModelData.swift in Sources */,
			);
			runOnlyForDeploymentPostprocessing = 0;
		};
/* End PBXSourcesBuildPhase section */

/* Begin XCBuildConfiguration section */
		60B254FF25C186E8008433CD /* Debug */ = {
			isa = XCBuildConfiguration;
			buildSettings = {
				ALWAYS_SEARCH_USER_PATHS = NO;
				CLANG_ANALYZER_NONNULL = YES;
				CLANG_ANALYZER_NUMBER_OBJECT_CONVERSION = YES_AGGRESSIVE;
				CLANG_CXX_LANGUAGE_STANDARD = "gnu++14";
				CLANG_CXX_LIBRARY = "libc++";
				CLANG_ENABLE_MODULES = YES;
				CLANG_ENABLE_OBJC_ARC = YES;
				CLANG_ENABLE_OBJC_WEAK = YES;
				CLANG_WARN_BLOCK_CAPTURE_AUTORELEASING = YES;
				CLANG_WARN_BOOL_CONVERSION = YES;
				CLANG_WARN_COMMA = YES;
				CLANG_WARN_CONSTANT_CONVERSION = YES;
				CLANG_WARN_DEPRECATED_OBJC_IMPLEMENTATIONS = YES;
				CLANG_WARN_DIRECT_OBJC_ISA_USAGE = YES_ERROR;
				CLANG_WARN_DOCUMENTATION_COMMENTS = YES;
				CLANG_WARN_EMPTY_BODY = YES;
				CLANG_WARN_ENUM_CONVERSION = YES;
				CLANG_WARN_INFINITE_RECURSION = YES;
				CLANG_WARN_INT_CONVERSION = YES;
				CLANG_WARN_NON_LITERAL_NULL_CONVERSION = YES;
				CLANG_WARN_OBJC_IMPLICIT_RETAIN_SELF = YES;
				CLANG_WARN_OBJC_LITERAL_CONVERSION = YES;
				CLANG_WARN_OBJC_ROOT_CLASS = YES_ERROR;
				CLANG_WARN_QUOTED_INCLUDE_IN_FRAMEWORK_HEADER = YES;
				CLANG_WARN_RANGE_LOOP_ANALYSIS = YES;
				CLANG_WARN_STRICT_PROTOTYPES = YES;
				CLANG_WARN_SUSPICIOUS_MOVE = YES;
				CLANG_WARN_UNGUARDED_AVAILABILITY = YES_AGGRESSIVE;
				CLANG_WARN_UNREACHABLE_CODE = YES;
				CLANG_WARN__DUPLICATE_METHOD_MATCH = YES;
				COPY_PHASE_STRIP = NO;
				DEBUG_INFORMATION_FORMAT = dwarf;
				ENABLE_STRICT_OBJC_MSGSEND = YES;
				ENABLE_TESTABILITY = YES;
				GCC_C_LANGUAGE_STANDARD = gnu11;
				GCC_DYNAMIC_NO_PIC = NO;
				GCC_NO_COMMON_BLOCKS = YES;
				GCC_OPTIMIZATION_LEVEL = 0;
				GCC_PREPROCESSOR_DEFINITIONS = (
					"DEBUG=1",
					"$(inherited)",
				);
				GCC_WARN_64_TO_32_BIT_CONVERSION = YES;
				GCC_WARN_ABOUT_RETURN_TYPE = YES_ERROR;
				GCC_WARN_UNDECLARED_SELECTOR = YES;
				GCC_WARN_UNINITIALIZED_AUTOS = YES_AGGRESSIVE;
				GCC_WARN_UNUSED_FUNCTION = YES;
				GCC_WARN_UNUSED_VARIABLE = YES;
				IPHONEOS_DEPLOYMENT_TARGET = 14.3;
				MTL_ENABLE_DEBUG_INFO = INCLUDE_SOURCE;
				MTL_FAST_MATH = YES;
				ONLY_ACTIVE_ARCH = YES;
				SDKROOT = iphoneos;
				SWIFT_ACTIVE_COMPILATION_CONDITIONS = DEBUG;
				SWIFT_OPTIMIZATION_LEVEL = "-Onone";
			};
			name = Debug;
		};
		60B2550025C186E8008433CD /* Release */ = {
			isa = XCBuildConfiguration;
			buildSettings = {
				ALWAYS_SEARCH_USER_PATHS = NO;
				CLANG_ANALYZER_NONNULL = YES;
				CLANG_ANALYZER_NUMBER_OBJECT_CONVERSION = YES_AGGRESSIVE;
				CLANG_CXX_LANGUAGE_STANDARD = "gnu++14";
				CLANG_CXX_LIBRARY = "libc++";
				CLANG_ENABLE_MODULES = YES;
				CLANG_ENABLE_OBJC_ARC = YES;
				CLANG_ENABLE_OBJC_WEAK = YES;
				CLANG_WARN_BLOCK_CAPTURE_AUTORELEASING = YES;
				CLANG_WARN_BOOL_CONVERSION = YES;
				CLANG_WARN_COMMA = YES;
				CLANG_WARN_CONSTANT_CONVERSION = YES;
				CLANG_WARN_DEPRECATED_OBJC_IMPLEMENTATIONS = YES;
				CLANG_WARN_DIRECT_OBJC_ISA_USAGE = YES_ERROR;
				CLANG_WARN_DOCUMENTATION_COMMENTS = YES;
				CLANG_WARN_EMPTY_BODY = YES;
				CLANG_WARN_ENUM_CONVERSION = YES;
				CLANG_WARN_INFINITE_RECURSION = YES;
				CLANG_WARN_INT_CONVERSION = YES;
				CLANG_WARN_NON_LITERAL_NULL_CONVERSION = YES;
				CLANG_WARN_OBJC_IMPLICIT_RETAIN_SELF = YES;
				CLANG_WARN_OBJC_LITERAL_CONVERSION = YES;
				CLANG_WARN_OBJC_ROOT_CLASS = YES_ERROR;
				CLANG_WARN_QUOTED_INCLUDE_IN_FRAMEWORK_HEADER = YES;
				CLANG_WARN_RANGE_LOOP_ANALYSIS = YES;
				CLANG_WARN_STRICT_PROTOTYPES = YES;
				CLANG_WARN_SUSPICIOUS_MOVE = YES;
				CLANG_WARN_UNGUARDED_AVAILABILITY = YES_AGGRESSIVE;
				CLANG_WARN_UNREACHABLE_CODE = YES;
				CLANG_WARN__DUPLICATE_METHOD_MATCH = YES;
				COPY_PHASE_STRIP = NO;
				DEBUG_INFORMATION_FORMAT = "dwarf-with-dsym";
				ENABLE_NS_ASSERTIONS = NO;
				ENABLE_STRICT_OBJC_MSGSEND = YES;
				GCC_C_LANGUAGE_STANDARD = gnu11;
				GCC_NO_COMMON_BLOCKS = YES;
				GCC_WARN_64_TO_32_BIT_CONVERSION = YES;
				GCC_WARN_ABOUT_RETURN_TYPE = YES_ERROR;
				GCC_WARN_UNDECLARED_SELECTOR = YES;
				GCC_WARN_UNINITIALIZED_AUTOS = YES_AGGRESSIVE;
				GCC_WARN_UNUSED_FUNCTION = YES;
				GCC_WARN_UNUSED_VARIABLE = YES;
				IPHONEOS_DEPLOYMENT_TARGET = 14.3;
				MTL_ENABLE_DEBUG_INFO = NO;
				MTL_FAST_MATH = YES;
				SDKROOT = iphoneos;
				SWIFT_COMPILATION_MODE = wholemodule;
				SWIFT_OPTIMIZATION_LEVEL = "-O";
				VALIDATE_PRODUCT = YES;
			};
			name = Release;
		};
		60B2550225C186E8008433CD /* Debug */ = {
			isa = XCBuildConfiguration;
			buildSettings = {
				ASSETCATALOG_COMPILER_APPICON_NAME = AppIcon;
				ASSETCATALOG_COMPILER_GLOBAL_ACCENT_COLOR_NAME = AccentColor;
				CODE_SIGN_STYLE = Automatic;
				DEVELOPMENT_ASSET_PATHS = "\"Landmarks/Preview Content\"";
				DEVELOPMENT_TEAM = WSUJWDAC7K;
				ENABLE_PREVIEWS = YES;
				INFOPLIST_FILE = Landmarks/Info.plist;
				IPHONEOS_DEPLOYMENT_TARGET = 14.0;
				LD_RUNPATH_SEARCH_PATHS = (
					"$(inherited)",
					"@executable_path/Frameworks",
				);
				PRODUCT_BUNDLE_IDENTIFIER = com.besemuna.Landmarks;
				PRODUCT_NAME = "$(TARGET_NAME)";
				SWIFT_VERSION = 5.0;
				TARGETED_DEVICE_FAMILY = "1,2";
			};
			name = Debug;
		};
		60B2550325C186E8008433CD /* Release */ = {
			isa = XCBuildConfiguration;
			buildSettings = {
				ASSETCATALOG_COMPILER_APPICON_NAME = AppIcon;
				ASSETCATALOG_COMPILER_GLOBAL_ACCENT_COLOR_NAME = AccentColor;
				CODE_SIGN_STYLE = Automatic;
				DEVELOPMENT_ASSET_PATHS = "\"Landmarks/Preview Content\"";
				DEVELOPMENT_TEAM = WSUJWDAC7K;
				ENABLE_PREVIEWS = YES;
				INFOPLIST_FILE = Landmarks/Info.plist;
				IPHONEOS_DEPLOYMENT_TARGET = 14.0;
				LD_RUNPATH_SEARCH_PATHS = (
					"$(inherited)",
					"@executable_path/Frameworks",
				);
				PRODUCT_BUNDLE_IDENTIFIER = com.besemuna.Landmarks;
				PRODUCT_NAME = "$(TARGET_NAME)";
				SWIFT_VERSION = 5.0;
				TARGETED_DEVICE_FAMILY = "1,2";
			};
			name = Release;
		};
/* End XCBuildConfiguration section */

/* Begin XCConfigurationList section */
		60B254ED25C186E7008433CD /* Build configuration list for PBXProject "Landmarks" */ = {
			isa = XCConfigurationList;
			buildConfigurations = (
				60B254FF25C186E8008433CD /* Debug */,
				60B2550025C186E8008433CD /* Release */,
			);
			defaultConfigurationIsVisible = 0;
			defaultConfigurationName = Release;
		};
		60B2550125C186E8008433CD /* Build configuration list for PBXNativeTarget "Landmarks" */ = {
			isa = XCConfigurationList;
			buildConfigurations = (
				60B2550225C186E8008433CD /* Debug */,
				60B2550325C186E8008433CD /* Release */,
			);
			defaultConfigurationIsVisible = 0;
			defaultConfigurationName = Release;
		};
/* End XCConfigurationList section */
	};
	rootObject = 60B254EA25C186E7008433CD /* Project object */;
}
